
Microsoft Visual Studio Solution File, Format Version 12.00
# Visual Studio Version 17
VisualStudioVersion = 17.13.35931.197
MinimumVisualStudioVersion = 10.0.40219.1
Project("{FAE04EC0-301F-11D3-BF4B-00C04F79EFBC}") = "CaseFlow.DAL", "CaseFlow.DAL\CaseFlow.DAL.csproj", "{EDB367B4-0A05-4E32-B2F4-2A3E4ED655D0}"
EndProject
Project("{FAE04EC0-301F-11D3-BF4B-00C04F79EFBC}") = "CaseFlow.BLL", "CaseFlow.BLL\CaseFlow.BLL.csproj", "{A35917D8-461B-43E1-9DC5-AA4401D9D9B2}"
	ProjectSection(ProjectDependencies) = postProject
		{EDB367B4-0A05-4E32-B2F4-2A3E4ED655D0} = {EDB367B4-0A05-4E32-B2F4-2A3E4ED655D0}
	EndProjectSection
EndProject
Project("{FAE04EC0-301F-11D3-BF4B-00C04F79EFBC}") = "CaseFlow.PAGES", "CaseFlow.PAGES\CaseFlow.PAGES.csproj", "{E68290BF-2CC5-40E9-8138-0E42BCFFA117}"
EndProject
Global
	GlobalSection(SolutionConfigurationPlatforms) = preSolution
		Debug|Any CPU = Debug|Any CPU
		Release|Any CPU = Release|Any CPU
	EndGlobalSection
	GlobalSection(ProjectConfigurationPlatforms) = postSolution
		{EDB367B4-0A05-4E32-B2F4-2A3E4ED655D0}.Debug|Any CPU.ActiveCfg = Debug|Any CPU
		{EDB367B4-0A05-4E32-B2F4-2A3E4ED655D0}.Debug|Any CPU.Build.0 = Debug|Any CPU
		{EDB367B4-0A05-4E32-B2F4-2A3E4ED655D0}.Release|Any CPU.ActiveCfg = Release|Any CPU
		{EDB367B4-0A05-4E32-B2F4-2A3E4ED655D0}.Release|Any CPU.Build.0 = Release|Any CPU
		{A35917D8-461B-43E1-9DC5-AA4401D9D9B2}.Debug|Any CPU.ActiveCfg = Debug|Any CPU
		{A35917D8-461B-43E1-9DC5-AA4401D9D9B2}.Debug|Any CPU.Build.0 = Debug|Any CPU
		{A35917D8-461B-43E1-9DC5-AA4401D9D9B2}.Release|Any CPU.ActiveCfg = Release|Any CPU
		{A35917D8-461B-43E1-9DC5-AA4401D9D9B2}.Release|Any CPU.Build.0 = Release|Any CPU
		{E68290BF-2CC5-40E9-8138-0E42BCFFA117}.Debug|Any CPU.ActiveCfg = Debug|Any CPU
		{E68290BF-2CC5-40E9-8138-0E42BCFFA117}.Debug|Any CPU.Build.0 = Debug|Any CPU
		{E68290BF-2CC5-40E9-8138-0E42BCFFA117}.Release|Any CPU.ActiveCfg = Release|Any CPU
		{E68290BF-2CC5-40E9-8138-0E42BCFFA117}.Release|Any CPU.Build.0 = Release|Any CPU
	EndGlobalSection
	GlobalSection(SolutionProperties) = preSolution
		HideSolutionNode = FALSE
	EndGlobalSection
	GlobalSection(ExtensibilityGlobals) = postSolution
		SolutionGuid = {47337548-1B43-4CA4-8827-E4CBD4D072F1}
	EndGlobalSection
EndGlobal
